<Solution>
  <Folder Name="/src/">
    <Project Path="src/Novolis.Video.Rtc.Abstractions/Novolis.Video.Rtc.Abstractions.csproj" />
    <Project Path="src/Novolis.Video.Capture.Windows/Novolis.Video.Capture.Windows.csproj" />
    <Project Path="src/Novolis.Video.Rtc/Novolis.Video.Rtc.csproj" />
  </Folder>
</Solution>
